
Microsoft Visual Studio Solution File, Format Version 12.00
# Visual Studio Version 17
VisualStudioVersion = 17.6.33815.320
MinimumVisualStudioVersion = 10.0.40219.1
Project("{FAE04EC0-301F-11D3-BF4B-00C04F79EFBC}") = "LogicalProblem", "LogicalProblem.csproj", "{773CA8EA-0C39-4EE6-AA49-BE755C451CB2}"
EndProject
Global
	GlobalSection(SolutionConfigurationPlatforms) = preSolution
		Debug|Any CPU = Debug|Any CPU
		Release|Any CPU = Release|Any CPU
	EndGlobalSection
	GlobalSection(ProjectConfigurationPlatforms) = postSolution
		{773CA8EA-0C39-4EE6-AA49-BE755C451CB2}.Debug|Any CPU.ActiveCfg = Debug|Any CPU
		{773CA8EA-0C39-4EE6-AA49-BE755C451CB2}.Debug|Any CPU.Build.0 = Debug|Any CPU
		{773CA8EA-0C39-4EE6-AA49-BE755C451CB2}.Release|Any CPU.ActiveCfg = Release|Any CPU
		{773CA8EA-0C39-4EE6-AA49-BE755C451CB2}.Release|Any CPU.Build.0 = Release|Any CPU
	EndGlobalSection
	GlobalSection(SolutionProperties) = preSolution
		HideSolutionNode = FALSE
	EndGlobalSection
	GlobalSection(ExtensibilityGlobals) = postSolution
		SolutionGuid = {EE6E7E5C-89B5-491F-AE7E-D29A2E39A513}
	EndGlobalSection
EndGlobal
